
Microsoft Visual Studio Solution File, Format Version 12.00
# Visual Studio Version 17
VisualStudioVersion = 17.0.31903.59
MinimumVisualStudioVersion = 10.0.40219.1
Project("{2150E333-8FDC-42A3-9474-1A3956D46DE8}") = "src", "src", "{827E0CD3-B72D-47B6-A68D-7590B98EB39B}"
EndProject
Project("{FAE04EC0-301F-11D3-BF4B-00C04F79EFBC}") = "WowClassicEraItems.Api", "src\WowClassicEraItems.Api\WowClassicEraItems.Api.csproj", "{85ECCEB3-D464-4BF4-BED1-0659D3A99A60}"
EndProject
Project("{FAE04EC0-301F-11D3-BF4B-00C04F79EFBC}") = "WowClassicEraItems.Services", "src\WowClassicEraItems.Services\WowClassicEraItems.Services.csproj", "{8E9ED2E3-9123-422F-AFE1-E1CBC7B3A1CE}"
EndProject
Project("{FAE04EC0-301F-11D3-BF4B-00C04F79EFBC}") = "WowClassicEraItems.Repository", "src\WowClassicEraItems.Repository\WowClassicEraItems.Repository.csproj", "{02DED995-B83C-4FCE-A1D5-8C4B75BF8F1E}"
EndProject
Project("{2150E333-8FDC-42A3-9474-1A3956D46DE8}") = "tests", "tests", "{0AB3BF05-4346-4AA6-1389-037BE0695223}"
EndProject
Project("{FAE04EC0-301F-11D3-BF4B-00C04F79EFBC}") = "WowClassicEraItems.Api.Tests", "tests\WowClassicEraItems.Api.Tests\WowClassicEraItems.Api.Tests.csproj", "{9805D55F-AC06-42B1-AF28-622AF123CD2C}"
EndProject
Project("{FAE04EC0-301F-11D3-BF4B-00C04F79EFBC}") = "WowClassicEraItems.Services.Tests", "tests\WowClassicEraItems.Services.Tests\WowClassicEraItems.Services.Tests.csproj", "{2DE486DE-A8AC-472A-B2F4-83E5D531C1ED}"
EndProject
Project("{FAE04EC0-301F-11D3-BF4B-00C04F79EFBC}") = "WowClassicEraItems.Repository.Tests", "tests\WowClassicEraItems.Repository.Tests\WowClassicEraItems.Repository.Tests.csproj", "{04D1674B-AD46-401B-A532-A383C898C9D0}"
EndProject
Project("{FAE04EC0-301F-11D3-BF4B-00C04F79EFBC}") = "WowClassicEraItems.Domain", "src\WowClassicEraItems.Domain\WowClassicEraItems.Domain.csproj", "{11448BD6-2562-43C6-81F3-006A9A6793F2}"
EndProject
Project("{FAE04EC0-301F-11D3-BF4B-00C04F79EFBC}") = "WowClassicEraItems.Domain.Tests", "tests\WowClassicEraItems.Domain.Tests\WowClassicEraItems.Domain.Tests.csproj", "{649CF8D1-AEA2-4AAB-986A-A30657766BFC}"
EndProject
Global
	GlobalSection(SolutionConfigurationPlatforms) = preSolution
		Debug|Any CPU = Debug|Any CPU
		Debug|x64 = Debug|x64
		Debug|x86 = Debug|x86
		Release|Any CPU = Release|Any CPU
		Release|x64 = Release|x64
		Release|x86 = Release|x86
	EndGlobalSection
	GlobalSection(ProjectConfigurationPlatforms) = postSolution
		{85ECCEB3-D464-4BF4-BED1-0659D3A99A60}.Debug|Any CPU.ActiveCfg = Debug|Any CPU
		{85ECCEB3-D464-4BF4-BED1-0659D3A99A60}.Debug|Any CPU.Build.0 = Debug|Any CPU
		{85ECCEB3-D464-4BF4-BED1-0659D3A99A60}.Debug|x64.ActiveCfg = Debug|Any CPU
		{85ECCEB3-D464-4BF4-BED1-0659D3A99A60}.Debug|x64.Build.0 = Debug|Any CPU
		{85ECCEB3-D464-4BF4-BED1-0659D3A99A60}.Debug|x86.ActiveCfg = Debug|Any CPU
		{85ECCEB3-D464-4BF4-BED1-0659D3A99A60}.Debug|x86.Build.0 = Debug|Any CPU
		{85ECCEB3-D464-4BF4-BED1-0659D3A99A60}.Release|Any CPU.ActiveCfg = Release|Any CPU
		{85ECCEB3-D464-4BF4-BED1-0659D3A99A60}.Release|Any CPU.Build.0 = Release|Any CPU
		{85ECCEB3-D464-4BF4-BED1-0659D3A99A60}.Release|x64.ActiveCfg = Release|Any CPU
		{85ECCEB3-D464-4BF4-BED1-0659D3A99A60}.Release|x64.Build.0 = Release|Any CPU
		{85ECCEB3-D464-4BF4-BED1-0659D3A99A60}.Release|x86.ActiveCfg = Release|Any CPU
		{85ECCEB3-D464-4BF4-BED1-0659D3A99A60}.Release|x86.Build.0 = Release|Any CPU
		{8E9ED2E3-9123-422F-AFE1-E1CBC7B3A1CE}.Debug|Any CPU.ActiveCfg = Debug|Any CPU
		{8E9ED2E3-9123-422F-AFE1-E1CBC7B3A1CE}.Debug|Any CPU.Build.0 = Debug|Any CPU
		{8E9ED2E3-9123-422F-AFE1-E1CBC7B3A1CE}.Debug|x64.ActiveCfg = Debug|Any CPU
		{8E9ED2E3-9123-422F-AFE1-E1CBC7B3A1CE}.Debug|x64.Build.0 = Debug|Any CPU
		{8E9ED2E3-9123-422F-AFE1-E1CBC7B3A1CE}.Debug|x86.ActiveCfg = Debug|Any CPU
		{8E9ED2E3-9123-422F-AFE1-E1CBC7B3A1CE}.Debug|x86.Build.0 = Debug|Any CPU
		{8E9ED2E3-9123-422F-AFE1-E1CBC7B3A1CE}.Release|Any CPU.ActiveCfg = Release|Any CPU
		{8E9ED2E3-9123-422F-AFE1-E1CBC7B3A1CE}.Release|Any CPU.Build.0 = Release|Any CPU
		{8E9ED2E3-9123-422F-AFE1-E1CBC7B3A1CE}.Release|x64.ActiveCfg = Release|Any CPU
		{8E9ED2E3-9123-422F-AFE1-E1CBC7B3A1CE}.Release|x64.Build.0 = Release|Any CPU
		{8E9ED2E3-9123-422F-AFE1-E1CBC7B3A1CE}.Release|x86.ActiveCfg = Release|Any CPU
		{8E9ED2E3-9123-422F-AFE1-E1CBC7B3A1CE}.Release|x86.Build.0 = Release|Any CPU
		{02DED995-B83C-4FCE-A1D5-8C4B75BF8F1E}.Debug|Any CPU.ActiveCfg = Debug|Any CPU
		{02DED995-B83C-4FCE-A1D5-8C4B75BF8F1E}.Debug|Any CPU.Build.0 = Debug|Any CPU
		{02DED995-B83C-4FCE-A1D5-8C4B75BF8F1E}.Debug|x64.ActiveCfg = Debug|Any CPU
		{02DED995-B83C-4FCE-A1D5-8C4B75BF8F1E}.Debug|x64.Build.0 = Debug|Any CPU
		{02DED995-B83C-4FCE-A1D5-8C4B75BF8F1E}.Debug|x86.ActiveCfg = Debug|Any CPU
		{02DED995-B83C-4FCE-A1D5-8C4B75BF8F1E}.Debug|x86.Build.0 = Debug|Any CPU
		{02DED995-B83C-4FCE-A1D5-8C4B75BF8F1E}.Release|Any CPU.ActiveCfg = Release|Any CPU
		{02DED995-B83C-4FCE-A1D5-8C4B75BF8F1E}.Release|Any CPU.Build.0 = Release|Any CPU
		{02DED995-B83C-4FCE-A1D5-8C4B75BF8F1E}.Release|x64.ActiveCfg = Release|Any CPU
		{02DED995-B83C-4FCE-A1D5-8C4B75BF8F1E}.Release|x64.Build.0 = Release|Any CPU
		{02DED995-B83C-4FCE-A1D5-8C4B75BF8F1E}.Release|x86.ActiveCfg = Release|Any CPU
		{02DED995-B83C-4FCE-A1D5-8C4B75BF8F1E}.Release|x86.Build.0 = Release|Any CPU
		{9805D55F-AC06-42B1-AF28-622AF123CD2C}.Debug|Any CPU.ActiveCfg = Debug|Any CPU
		{9805D55F-AC06-42B1-AF28-622AF123CD2C}.Debug|Any CPU.Build.0 = Debug|Any CPU
		{9805D55F-AC06-42B1-AF28-622AF123CD2C}.Debug|x64.ActiveCfg = Debug|Any CPU
		{9805D55F-AC06-42B1-AF28-622AF123CD2C}.Debug|x64.Build.0 = Debug|Any CPU
		{9805D55F-AC06-42B1-AF28-622AF123CD2C}.Debug|x86.ActiveCfg = Debug|Any CPU
		{9805D55F-AC06-42B1-AF28-622AF123CD2C}.Debug|x86.Build.0 = Debug|Any CPU
		{9805D55F-AC06-42B1-AF28-622AF123CD2C}.Release|Any CPU.ActiveCfg = Release|Any CPU
		{9805D55F-AC06-42B1-AF28-622AF123CD2C}.Release|Any CPU.Build.0 = Release|Any CPU
		{9805D55F-AC06-42B1-AF28-622AF123CD2C}.Release|x64.ActiveCfg = Release|Any CPU
		{9805D55F-AC06-42B1-AF28-622AF123CD2C}.Release|x64.Build.0 = Release|Any CPU
		{9805D55F-AC06-42B1-AF28-622AF123CD2C}.Release|x86.ActiveCfg = Release|Any CPU
		{9805D55F-AC06-42B1-AF28-622AF123CD2C}.Release|x86.Build.0 = Release|Any CPU
		{2DE486DE-A8AC-472A-B2F4-83E5D531C1ED}.Debug|Any CPU.ActiveCfg = Debug|Any CPU
		{2DE486DE-A8AC-472A-B2F4-83E5D531C1ED}.Debug|Any CPU.Build.0 = Debug|Any CPU
		{2DE486DE-A8AC-472A-B2F4-83E5D531C1ED}.Debug|x64.ActiveCfg = Debug|Any CPU
		{2DE486DE-A8AC-472A-B2F4-83E5D531C1ED}.Debug|x64.Build.0 = Debug|Any CPU
		{2DE486DE-A8AC-472A-B2F4-83E5D531C1ED}.Debug|x86.ActiveCfg = Debug|Any CPU
		{2DE486DE-A8AC-472A-B2F4-83E5D531C1ED}.Debug|x86.Build.0 = Debug|Any CPU
		{2DE486DE-A8AC-472A-B2F4-83E5D531C1ED}.Release|Any CPU.ActiveCfg = Release|Any CPU
		{2DE486DE-A8AC-472A-B2F4-83E5D531C1ED}.Release|Any CPU.Build.0 = Release|Any CPU
		{2DE486DE-A8AC-472A-B2F4-83E5D531C1ED}.Release|x64.ActiveCfg = Release|Any CPU
		{2DE486DE-A8AC-472A-B2F4-83E5D531C1ED}.Release|x64.Build.0 = Release|Any CPU
		{2DE486DE-A8AC-472A-B2F4-83E5D531C1ED}.Release|x86.ActiveCfg = Release|Any CPU
		{2DE486DE-A8AC-472A-B2F4-83E5D531C1ED}.Release|x86.Build.0 = Release|Any CPU
		{04D1674B-AD46-401B-A532-A383C898C9D0}.Debug|Any CPU.ActiveCfg = Debug|Any CPU
		{04D1674B-AD46-401B-A532-A383C898C9D0}.Debug|Any CPU.Build.0 = Debug|Any CPU
		{04D1674B-AD46-401B-A532-A383C898C9D0}.Debug|x64.ActiveCfg = Debug|Any CPU
		{04D1674B-AD46-401B-A532-A383C898C9D0}.Debug|x64.Build.0 = Debug|Any CPU
		{04D1674B-AD46-401B-A532-A383C898C9D0}.Debug|x86.ActiveCfg = Debug|Any CPU
		{04D1674B-AD46-401B-A532-A383C898C9D0}.Debug|x86.Build.0 = Debug|Any CPU
		{04D1674B-AD46-401B-A532-A383C898C9D0}.Release|Any CPU.ActiveCfg = Release|Any CPU
		{04D1674B-AD46-401B-A532-A383C898C9D0}.Release|Any CPU.Build.0 = Release|Any CPU
		{04D1674B-AD46-401B-A532-A383C898C9D0}.Release|x64.ActiveCfg = Release|Any CPU
		{04D1674B-AD46-401B-A532-A383C898C9D0}.Release|x64.Build.0 = Release|Any CPU
		{04D1674B-AD46-401B-A532-A383C898C9D0}.Release|x86.ActiveCfg = Release|Any CPU
		{04D1674B-AD46-401B-A532-A383C898C9D0}.Release|x86.Build.0 = Release|Any CPU
		{11448BD6-2562-43C6-81F3-006A9A6793F2}.Debug|Any CPU.ActiveCfg = Debug|Any CPU
		{11448BD6-2562-43C6-81F3-006A9A6793F2}.Debug|Any CPU.Build.0 = Debug|Any CPU
		{11448BD6-2562-43C6-81F3-006A9A6793F2}.Debug|x64.ActiveCfg = Debug|Any CPU
		{11448BD6-2562-43C6-81F3-006A9A6793F2}.Debug|x64.Build.0 = Debug|Any CPU
		{11448BD6-2562-43C6-81F3-006A9A6793F2}.Debug|x86.ActiveCfg = Debug|Any CPU
		{11448BD6-2562-43C6-81F3-006A9A6793F2}.Debug|x86.Build.0 = Debug|Any CPU
		{11448BD6-2562-43C6-81F3-006A9A6793F2}.Release|Any CPU.ActiveCfg = Release|Any CPU
		{11448BD6-2562-43C6-81F3-006A9A6793F2}.Release|Any CPU.Build.0 = Release|Any CPU
		{11448BD6-2562-43C6-81F3-006A9A6793F2}.Release|x64.ActiveCfg = Release|Any CPU
		{11448BD6-2562-43C6-81F3-006A9A6793F2}.Release|x64.Build.0 = Release|Any CPU
		{11448BD6-2562-43C6-81F3-006A9A6793F2}.Release|x86.ActiveCfg = Release|Any CPU
		{11448BD6-2562-43C6-81F3-006A9A6793F2}.Release|x86.Build.0 = Release|Any CPU
		{649CF8D1-AEA2-4AAB-986A-A30657766BFC}.Debug|Any CPU.ActiveCfg = Debug|Any CPU
		{649CF8D1-AEA2-4AAB-986A-A30657766BFC}.Debug|Any CPU.Build.0 = Debug|Any CPU
		{649CF8D1-AEA2-4AAB-986A-A30657766BFC}.Debug|x64.ActiveCfg = Debug|Any CPU
		{649CF8D1-AEA2-4AAB-986A-A30657766BFC}.Debug|x64.Build.0 = Debug|Any CPU
		{649CF8D1-AEA2-4AAB-986A-A30657766BFC}.Debug|x86.ActiveCfg = Debug|Any CPU
		{649CF8D1-AEA2-4AAB-986A-A30657766BFC}.Debug|x86.Build.0 = Debug|Any CPU
		{649CF8D1-AEA2-4AAB-986A-A30657766BFC}.Release|Any CPU.ActiveCfg = Release|Any CPU
		{649CF8D1-AEA2-4AAB-986A-A30657766BFC}.Release|Any CPU.Build.0 = Release|Any CPU
		{649CF8D1-AEA2-4AAB-986A-A30657766BFC}.Release|x64.ActiveCfg = Release|Any CPU
		{649CF8D1-AEA2-4AAB-986A-A30657766BFC}.Release|x64.Build.0 = Release|Any CPU
		{649CF8D1-AEA2-4AAB-986A-A30657766BFC}.Release|x86.ActiveCfg = Release|Any CPU
		{649CF8D1-AEA2-4AAB-986A-A30657766BFC}.Release|x86.Build.0 = Release|Any CPU
	EndGlobalSection
	GlobalSection(SolutionProperties) = preSolution
		HideSolutionNode = FALSE
	EndGlobalSection
	GlobalSection(NestedProjects) = preSolution
		{85ECCEB3-D464-4BF4-BED1-0659D3A99A60} = {827E0CD3-B72D-47B6-A68D-7590B98EB39B}
		{8E9ED2E3-9123-422F-AFE1-E1CBC7B3A1CE} = {827E0CD3-B72D-47B6-A68D-7590B98EB39B}
		{02DED995-B83C-4FCE-A1D5-8C4B75BF8F1E} = {827E0CD3-B72D-47B6-A68D-7590B98EB39B}
		{9805D55F-AC06-42B1-AF28-622AF123CD2C} = {0AB3BF05-4346-4AA6-1389-037BE0695223}
		{2DE486DE-A8AC-472A-B2F4-83E5D531C1ED} = {0AB3BF05-4346-4AA6-1389-037BE0695223}
		{04D1674B-AD46-401B-A532-A383C898C9D0} = {0AB3BF05-4346-4AA6-1389-037BE0695223}
		{11448BD6-2562-43C6-81F3-006A9A6793F2} = {827E0CD3-B72D-47B6-A68D-7590B98EB39B}
		{649CF8D1-AEA2-4AAB-986A-A30657766BFC} = {0AB3BF05-4346-4AA6-1389-037BE0695223}
	EndGlobalSection
EndGlobal
